
Microsoft Visual Studio Solution File, Format Version 12.00
# Visual Studio 14
VisualStudioVersion = 14.0.25420.1
MinimumVisualStudioVersion = 10.0.40219.1
Project("{FAE04EC0-301F-11D3-BF4B-00C04F79EFBC}") = "FollowMe.Core", "FollowMe.Core\FollowMe.Core.csproj", "{5EEE8C17-D779-460E-95E2-92327D9C6063}"
EndProject
Project("{2150E333-8FDC-42A3-9474-1A3956D46DE8}") = "Tests", "Tests", "{A86E6D84-FD8B-41FF-A90D-95D2267109B5}"
EndProject
Project("{FAE04EC0-301F-11D3-BF4B-00C04F79EFBC}") = "CoreTests", "CategoryTest\CoreTests.csproj", "{961F6722-785A-4833-8B50-18A26BA2997B}"
EndProject
Project("{FAE04EC0-301F-11D3-BF4B-00C04F79EFBC}") = "FollowMe.Infrastructure", "FollowMe.Infrastructure\FollowMe.Infrastructure.csproj", "{3431962D-73CF-445A-A48C-540FE3B8FD24}"
EndProject
Project("{FAE04EC0-301F-11D3-BF4B-00C04F79EFBC}") = "InfrastructureTests", "InfrastructureTests\InfrastructureTests.csproj", "{7A00BA43-DB4F-42CF-AA69-EEC5539C81E2}"
EndProject
Project("{FAE04EC0-301F-11D3-BF4B-00C04F79EFBC}") = "FollowMe.Api", "FollowMe.Api\FollowMe.Api.csproj", "{2649DCC8-98D7-4E85-8E4F-0F8E5953F2E9}"
EndProject
Project("{FAE04EC0-301F-11D3-BF4B-00C04F79EFBC}") = "AutoMapperTests", "AutoMapperTests\AutoMapperTests.csproj", "{ED3137C7-391A-42B2-B6DF-22719EC6BD74}"
EndProject
Global
	GlobalSection(SolutionConfigurationPlatforms) = preSolution
		Debug|Any CPU = Debug|Any CPU
		Release|Any CPU = Release|Any CPU
	EndGlobalSection
	GlobalSection(ProjectConfigurationPlatforms) = postSolution
		{5EEE8C17-D779-460E-95E2-92327D9C6063}.Debug|Any CPU.ActiveCfg = Debug|Any CPU
		{5EEE8C17-D779-460E-95E2-92327D9C6063}.Debug|Any CPU.Build.0 = Debug|Any CPU
		{5EEE8C17-D779-460E-95E2-92327D9C6063}.Release|Any CPU.ActiveCfg = Release|Any CPU
		{5EEE8C17-D779-460E-95E2-92327D9C6063}.Release|Any CPU.Build.0 = Release|Any CPU
		{961F6722-785A-4833-8B50-18A26BA2997B}.Debug|Any CPU.ActiveCfg = Debug|Any CPU
		{961F6722-785A-4833-8B50-18A26BA2997B}.Debug|Any CPU.Build.0 = Debug|Any CPU
		{961F6722-785A-4833-8B50-18A26BA2997B}.Release|Any CPU.ActiveCfg = Release|Any CPU
		{961F6722-785A-4833-8B50-18A26BA2997B}.Release|Any CPU.Build.0 = Release|Any CPU
		{3431962D-73CF-445A-A48C-540FE3B8FD24}.Debug|Any CPU.ActiveCfg = Debug|Any CPU
		{3431962D-73CF-445A-A48C-540FE3B8FD24}.Debug|Any CPU.Build.0 = Debug|Any CPU
		{3431962D-73CF-445A-A48C-540FE3B8FD24}.Release|Any CPU.ActiveCfg = Release|Any CPU
		{3431962D-73CF-445A-A48C-540FE3B8FD24}.Release|Any CPU.Build.0 = Release|Any CPU
		{7A00BA43-DB4F-42CF-AA69-EEC5539C81E2}.Debug|Any CPU.ActiveCfg = Debug|Any CPU
		{7A00BA43-DB4F-42CF-AA69-EEC5539C81E2}.Debug|Any CPU.Build.0 = Debug|Any CPU
		{7A00BA43-DB4F-42CF-AA69-EEC5539C81E2}.Release|Any CPU.ActiveCfg = Release|Any CPU
		{7A00BA43-DB4F-42CF-AA69-EEC5539C81E2}.Release|Any CPU.Build.0 = Release|Any CPU
		{2649DCC8-98D7-4E85-8E4F-0F8E5953F2E9}.Debug|Any CPU.ActiveCfg = Debug|Any CPU
		{2649DCC8-98D7-4E85-8E4F-0F8E5953F2E9}.Debug|Any CPU.Build.0 = Debug|Any CPU
		{2649DCC8-98D7-4E85-8E4F-0F8E5953F2E9}.Release|Any CPU.ActiveCfg = Release|Any CPU
		{2649DCC8-98D7-4E85-8E4F-0F8E5953F2E9}.Release|Any CPU.Build.0 = Release|Any CPU
		{ED3137C7-391A-42B2-B6DF-22719EC6BD74}.Debug|Any CPU.ActiveCfg = Debug|Any CPU
		{ED3137C7-391A-42B2-B6DF-22719EC6BD74}.Debug|Any CPU.Build.0 = Debug|Any CPU
		{ED3137C7-391A-42B2-B6DF-22719EC6BD74}.Release|Any CPU.ActiveCfg = Release|Any CPU
		{ED3137C7-391A-42B2-B6DF-22719EC6BD74}.Release|Any CPU.Build.0 = Release|Any CPU
	EndGlobalSection
	GlobalSection(SolutionProperties) = preSolution
		HideSolutionNode = FALSE
	EndGlobalSection
	GlobalSection(NestedProjects) = preSolution
		{961F6722-785A-4833-8B50-18A26BA2997B} = {A86E6D84-FD8B-41FF-A90D-95D2267109B5}
		{7A00BA43-DB4F-42CF-AA69-EEC5539C81E2} = {A86E6D84-FD8B-41FF-A90D-95D2267109B5}
		{ED3137C7-391A-42B2-B6DF-22719EC6BD74} = {A86E6D84-FD8B-41FF-A90D-95D2267109B5}
	EndGlobalSection
EndGlobal
